Microsoft Visual Studio Solution File, Format Version 11.00
# Visual Studio 2008

Project("{0E5C55B3-0BA1-03E7-0D9D-C121D4AF9918}") = "BulletHellHGD", "Assembly-CSharp.csproj", "{418E913A-0F6E-AD35-5F62-2B5E51BC713B}"
EndProject
Global
	GlobalSection(SolutionConfigurationPlatforms) = preSolution
		Debug|Any CPU = Debug|Any CPU
		Release|Any CPU = Release|Any CPU
	EndGlobalSection
	GlobalSection(ProjectConfigurationPlatforms) = postSolution
		{418E913A-0F6E-AD35-5F62-2B5E51BC713B}.Debug|Any CPU.ActiveCfg = Debug|Any CPU
		{418E913A-0F6E-AD35-5F62-2B5E51BC713B}.Debug|Any CPU.Build.0 = Debug|Any CPU
		{418E913A-0F6E-AD35-5F62-2B5E51BC713B}.Release|Any CPU.ActiveCfg = Release|Any CPU
		{418E913A-0F6E-AD35-5F62-2B5E51BC713B}.Release|Any CPU.Build.0 = Release|Any CPU
	EndGlobalSection
	GlobalSection(SolutionProperties) = preSolution
		HideSolutionNode = FALSE
	EndGlobalSection
	GlobalSection(MonoDevelopProperties) = preSolution
		StartupItem = Assembly-CSharp.csproj
	EndGlobalSection
EndGlobal
